PODS:
  - AFNetworking (1.3.4)
  - ISO8601DateFormatterValueTransformer (0.6.1):
    - RKValueTransformers (~> 1.1.0)
  - Kiwi (2.4.0)
  - MBProgressHUD (0.9.2)
  - OCHamcrest (3.0.1)
  - OCMockito (1.1.0):
    - OCHamcrest (~> 3.0)
  - RestKit (0.25.0):
    - RestKit/Core (= 0.25.0)
  - RestKit/Core (0.25.0):
    - RestKit/CoreData
    - RestKit/Network
    - RestKit/ObjectMapping
  - RestKit/CoreData (0.25.0):
    - RestKit/ObjectMapping
  - RestKit/Network (0.25.0):
    - AFNetworking (~> 1.3.0)
    - RestKit/ObjectMapping
    - RestKit/Support
    - SOCKit
  - RestKit/ObjectMapping (0.25.0):
    - ISO8601DateFormatterValueTransformer (~> 0.6.1)
    - RestKit/Support
    - RKValueTransformers (~> 1.1.0)
  - RestKit/Support (0.25.0):
    - TransitionKit (~> 2.1.0)
  - RKValueTransformers (1.1.3)
  - SDWebImage (3.8.2):
    - SDWebImage/Core (= 3.8.2)
  - SDWebImage/Core (3.8.2)
  - SOCKit (1.1)
  - SVPullToRefresh (0.4.1)
  - TransitionKit (2.1.1)

DEPENDENCIES:
  - Kiwi
  - MBProgressHUD (~> 0.8)
  - OCHamcrest (~> 3.0.0)
  - OCMockito (~> 1.1.0)
  - RestKit (~> 0.25.0)
  - SDWebImage (~> 3.8)
  - SVPullToRefresh (~> 0.4.1)

SPEC CHECKSUMS:
  AFNetworking: cf8e418e16f0c9c7e5c3150d019a3c679d015018
  ISO8601DateFormatterValueTransformer: 52da467d6ec899d6aedda8e48280ac92e8ee97e6
  Kiwi: f49c9d54b28917df5928fe44968a39ed198cb8a8
  MBProgressHUD: 1569cf7ace17a8bac47aabfbb8580a49690386d1
  OCHamcrest: e19857683e4eefab64b878668eac04c2f4567118
  OCMockito: 9f1dd30cb7dde32c5ff2dffc5fc4df996d7bdefc
  RestKit: a4fcaf3d4bb2c204679856a46d596160bf208095
  RKValueTransformers: e5ed67e3811229b616fe01bddeeafe3bb337b1b9
  SDWebImage: 098e97e6176540799c27e804c96653ee0833d13c
  SOCKit: c7376ac262bea9115b8f749358f762522a47d392
  SVPullToRefresh: ba2e718695a43253d8bea6852d2960097dc15d8c
  TransitionKit: 3a14b6acc7cf2d1dd3e454e24dbad1cfab9a1ef1

COCOAPODS: 0.39.0
